
Microsoft Visual Studio Solution File, Format Version 12.00
Project("{F2A71F9B-5D33-465A-A702-920D77279786}") = "TestTask", "TestTask\TestTask.fsproj", "{5E4A44AE-5E48-4872-992D-6D8C7882CE47}"
EndProject
Global
	GlobalSection(SolutionConfigurationPlatforms) = preSolution
		Debug|Any CPU = Debug|Any CPU
		Release|Any CPU = Release|Any CPU
	EndGlobalSection
	GlobalSection(ProjectConfigurationPlatforms) = postSolution
		{5E4A44AE-5E48-4872-992D-6D8C7882CE47}.Debug|Any CPU.ActiveCfg = Debug|Any CPU
		{5E4A44AE-5E48-4872-992D-6D8C7882CE47}.Debug|Any CPU.Build.0 = Debug|Any CPU
		{5E4A44AE-5E48-4872-992D-6D8C7882CE47}.Release|Any CPU.ActiveCfg = Release|Any CPU
		{5E4A44AE-5E48-4872-992D-6D8C7882CE47}.Release|Any CPU.Build.0 = Release|Any CPU
	EndGlobalSection
EndGlobal
